
Microsoft Visual Studio Solution File, Format Version 12.00
Project("{FAE04EC0-301F-11D3-BF4B-00C04F79EFBC}") = "WPFUI", "WPFUI\WPFUI.csproj", "{1FBCA1EF-17DB-474F-B6C3-FD8C60191911}"
EndProject
Global
	GlobalSection(SolutionConfigurationPlatforms) = preSolution
		Debug|Any CPU = Debug|Any CPU
		Release|Any CPU = Release|Any CPU
	EndGlobalSection
	GlobalSection(ProjectConfigurationPlatforms) = postSolution
		{1FBCA1EF-17DB-474F-B6C3-FD8C60191911}.Debug|Any CPU.ActiveCfg = Debug|Any CPU
		{1FBCA1EF-17DB-474F-B6C3-FD8C60191911}.Debug|Any CPU.Build.0 = Debug|Any CPU
		{1FBCA1EF-17DB-474F-B6C3-FD8C60191911}.Release|Any CPU.ActiveCfg = Release|Any CPU
		{1FBCA1EF-17DB-474F-B6C3-FD8C60191911}.Release|Any CPU.Build.0 = Release|Any CPU
	EndGlobalSection
EndGlobal
